
Microsoft Visual Studio Solution File, Format Version 12.00
# Visual Studio Version 16
VisualStudioVersion = 16.0.29905.134
MinimumVisualStudioVersion = 10.0.40219.1
Project("{FAE04EC0-301F-11D3-BF4B-00C04F79EFBC}") = "Application", "Enigma\Application.csproj", "{C94E4D38-03CF-49D0-9CDF-D047F09C2253}"
EndProject
Project("{2150E333-8FDC-42A3-9474-1A3956D46DE8}") = "Tools", "Tools", "{767D4BF2-4B21-4652-B4D8-3FED8FF2E5D2}"
EndProject
Project("{FAE04EC0-301F-11D3-BF4B-00C04F79EFBC}") = "Creator", "Creator\Creator.csproj", "{DA123B89-DB74-45D8-83C3-170F153727A6}"
EndProject
Project("{2150E333-8FDC-42A3-9474-1A3956D46DE8}") = "_Dependencies", "_Dependencies", "{31499777-A60B-45FD-AE7F-E98E2547BF6F}"
EndProject
Project("{2150E333-8FDC-42A3-9474-1A3956D46DE8}") = "Core", "Core", "{5A3842E3-85FF-4163-9A91-47C270B34623}"
EndProject
Project("{8BC9CEB8-8B4A-11D0-8D11-00A0C91BC942}") = "Wrapper", "Core\Wrapper.vcxproj", "{57075C89-8615-49C7-81FB-AC1951F3F5F9}"
EndProject
Project("{8BC9CEB8-8B4A-11D0-8D11-00A0C91BC942}") = "Enigma", "Core\vendor\Enigma\Enigma.vcxproj", "{7735BC6B-8D2E-4FB0-9349-F27946A8881B}"
EndProject
Project("{8BC9CEB8-8B4A-11D0-8D11-00A0C91BC942}") = "AES", "Core\vendor\Enigma\libs\AES\AES.vcxproj", "{8A3B3FC7-393F-4EF8-A3F9-A8B8AF5B2413}"
EndProject
Project("{8BC9CEB8-8B4A-11D0-8D11-00A0C91BC942}") = "CryptoPP", "Core\vendor\Enigma\libs\AES\libs\cryptopp\cryptlib.vcxproj", "{C39F4B46-6E89-4074-902E-CA57073044D2}"
EndProject
Global
	GlobalSection(SolutionConfigurationPlatforms) = preSolution
		Debug|x64 = Debug|x64
		Release|x64 = Release|x64
	EndGlobalSection
	GlobalSection(ProjectConfigurationPlatforms) = postSolution
		{C94E4D38-03CF-49D0-9CDF-D047F09C2253}.Debug|x64.ActiveCfg = Debug|x64
		{C94E4D38-03CF-49D0-9CDF-D047F09C2253}.Debug|x64.Build.0 = Debug|x64
		{C94E4D38-03CF-49D0-9CDF-D047F09C2253}.Release|x64.ActiveCfg = Release|x64
		{C94E4D38-03CF-49D0-9CDF-D047F09C2253}.Release|x64.Build.0 = Release|x64
		{DA123B89-DB74-45D8-83C3-170F153727A6}.Debug|x64.ActiveCfg = Debug|x64
		{DA123B89-DB74-45D8-83C3-170F153727A6}.Debug|x64.Build.0 = Debug|x64
		{DA123B89-DB74-45D8-83C3-170F153727A6}.Release|x64.ActiveCfg = Release|x64
		{DA123B89-DB74-45D8-83C3-170F153727A6}.Release|x64.Build.0 = Release|x64
		{57075C89-8615-49C7-81FB-AC1951F3F5F9}.Debug|x64.ActiveCfg = Debug|x64
		{57075C89-8615-49C7-81FB-AC1951F3F5F9}.Debug|x64.Build.0 = Debug|x64
		{57075C89-8615-49C7-81FB-AC1951F3F5F9}.Release|x64.ActiveCfg = Release|x64
		{57075C89-8615-49C7-81FB-AC1951F3F5F9}.Release|x64.Build.0 = Release|x64
		{7735BC6B-8D2E-4FB0-9349-F27946A8881B}.Debug|x64.ActiveCfg = Debug|x64
		{7735BC6B-8D2E-4FB0-9349-F27946A8881B}.Debug|x64.Build.0 = Debug|x64
		{7735BC6B-8D2E-4FB0-9349-F27946A8881B}.Release|x64.ActiveCfg = Release|x64
		{7735BC6B-8D2E-4FB0-9349-F27946A8881B}.Release|x64.Build.0 = Release|x64
		{8A3B3FC7-393F-4EF8-A3F9-A8B8AF5B2413}.Debug|x64.ActiveCfg = Debug|x64
		{8A3B3FC7-393F-4EF8-A3F9-A8B8AF5B2413}.Debug|x64.Build.0 = Debug|x64
		{8A3B3FC7-393F-4EF8-A3F9-A8B8AF5B2413}.Release|x64.ActiveCfg = Release|x64
		{8A3B3FC7-393F-4EF8-A3F9-A8B8AF5B2413}.Release|x64.Build.0 = Release|x64
		{C39F4B46-6E89-4074-902E-CA57073044D2}.Debug|x64.ActiveCfg = Debug|x64
		{C39F4B46-6E89-4074-902E-CA57073044D2}.Debug|x64.Build.0 = Debug|x64
		{C39F4B46-6E89-4074-902E-CA57073044D2}.Release|x64.ActiveCfg = Release|x64
		{C39F4B46-6E89-4074-902E-CA57073044D2}.Release|x64.Build.0 = Release|x64
	EndGlobalSection
	GlobalSection(SolutionProperties) = preSolution
		HideSolutionNode = FALSE
	EndGlobalSection
	GlobalSection(NestedProjects) = preSolution
		{DA123B89-DB74-45D8-83C3-170F153727A6} = {767D4BF2-4B21-4652-B4D8-3FED8FF2E5D2}
		{57075C89-8615-49C7-81FB-AC1951F3F5F9} = {5A3842E3-85FF-4163-9A91-47C270B34623}
		{7735BC6B-8D2E-4FB0-9349-F27946A8881B} = {31499777-A60B-45FD-AE7F-E98E2547BF6F}
		{8A3B3FC7-393F-4EF8-A3F9-A8B8AF5B2413} = {31499777-A60B-45FD-AE7F-E98E2547BF6F}
		{C39F4B46-6E89-4074-902E-CA57073044D2} = {31499777-A60B-45FD-AE7F-E98E2547BF6F}
	EndGlobalSection
	GlobalSection(ExtensibilityGlobals) = postSolution
		SolutionGuid = {03D4F1C8-0565-44C1-A15E-1000396FB33A}
	EndGlobalSection
EndGlobal
